# THIS IS AN AUTOGENERATED FILE. DO NOT EDIT THIS FILE DIRECTLY.
# yarn lockfile v1


gsap@^3.0.5:
  version "3.0.5"
  resolved "https://registry.yarnpkg.com/gsap/-/gsap-3.0.5.tgz#49075d3377e9f43da29ec9853134b6a6274aefe3"
  integrity sha512-TpIeFoIU8x+46/RGTD/qY+jUAnxcPgqxwOZtJ0YZSaLoL5JR87tyH8p3X02ZnYrMpE0Tt9cOA3ueiWhCVuRv1A==
